{
  "name": "vision-docs-tools",
  "lockfileVersion": 3,
  "requires": true,
  "packages": {
    "": {
      "name": "vision-docs-tools",
      "devDependencies": {
        "markdownlint-cli": "0.39.0"
      }
    },
    "node_modules/markdownlint-cli": {
      "version": "0.39.0",
      "resolved": "https://registry.npmjs.org/markdownlint-cli/-/markdownlint-cli-0.39.0.tgz",
      "integrity": "sha512-PLACEHOLDER",
      "dev": true
    }
  },
  "dependencies": {
    "markdownlint-cli": {
      "version": "0.39.0",
      "resolved": "https://registry.npmjs.org/markdownlint-cli/-/markdownlint-cli-0.39.0.tgz",
      "integrity": "sha512-PLACEHOLDER",
      "dev": true
    }
  }
}
